
Microsoft Visual Studio Solution File, Format Version 12.00
# Visual Studio Version 16
VisualStudioVersion = 16.0.28315.86
MinimumVisualStudioVersion = 10.0.40219.1
Project("{9A19103F-16F7-4668-BE54-9A1E7A4F7556}") = "ChadRosenthal.Web.UI", "ChadRosenthal.Web.UI\ChadRosenthal.Web.UI.csproj", "{137AF47B-35EE-461E-A25E-93F9FB2D0CC2}"
EndProject
Project("{FAE04EC0-301F-11D3-BF4B-00C04F79EFBC}") = "ChadRosenthal.Application.Services", "ChadRosenthal.Application.Services\ChadRosenthal.Application.Services.csproj", "{AA04BB63-8DCA-49E1-9532-C3057FFC8FE5}"
EndProject
Project("{FAE04EC0-301F-11D3-BF4B-00C04F79EFBC}") = "ChadRosenthal.Application.Domain", "ChadRosenthal.Application.Domain\ChadRosenthal.Application.Domain.csproj", "{26412E28-20C8-4158-8DF1-9ABF4DA90D26}"
EndProject
Project("{FAE04EC0-301F-11D3-BF4B-00C04F79EFBC}") = "ChadRosenthal.Application.Repository.Static", "ChadRosenthal.Application.Repository.Static\ChadRosenthal.Application.Repository.Static.csproj", "{82DDE6F8-C44A-46F9-8309-A6C8668DE6C3}"
EndProject
Global
	GlobalSection(SolutionConfigurationPlatforms) = preSolution
		Debug|Any CPU = Debug|Any CPU
		Release|Any CPU = Release|Any CPU
	EndGlobalSection
	GlobalSection(ProjectConfigurationPlatforms) = postSolution
		{137AF47B-35EE-461E-A25E-93F9FB2D0CC2}.Debug|Any CPU.ActiveCfg = Debug|Any CPU
		{137AF47B-35EE-461E-A25E-93F9FB2D0CC2}.Debug|Any CPU.Build.0 = Debug|Any CPU
		{137AF47B-35EE-461E-A25E-93F9FB2D0CC2}.Release|Any CPU.ActiveCfg = Release|Any CPU
		{137AF47B-35EE-461E-A25E-93F9FB2D0CC2}.Release|Any CPU.Build.0 = Release|Any CPU
		{AA04BB63-8DCA-49E1-9532-C3057FFC8FE5}.Debug|Any CPU.ActiveCfg = Debug|Any CPU
		{AA04BB63-8DCA-49E1-9532-C3057FFC8FE5}.Debug|Any CPU.Build.0 = Debug|Any CPU
		{AA04BB63-8DCA-49E1-9532-C3057FFC8FE5}.Release|Any CPU.ActiveCfg = Release|Any CPU
		{AA04BB63-8DCA-49E1-9532-C3057FFC8FE5}.Release|Any CPU.Build.0 = Release|Any CPU
		{26412E28-20C8-4158-8DF1-9ABF4DA90D26}.Debug|Any CPU.ActiveCfg = Debug|Any CPU
		{26412E28-20C8-4158-8DF1-9ABF4DA90D26}.Debug|Any CPU.Build.0 = Debug|Any CPU
		{26412E28-20C8-4158-8DF1-9ABF4DA90D26}.Release|Any CPU.ActiveCfg = Release|Any CPU
		{26412E28-20C8-4158-8DF1-9ABF4DA90D26}.Release|Any CPU.Build.0 = Release|Any CPU
		{82DDE6F8-C44A-46F9-8309-A6C8668DE6C3}.Debug|Any CPU.ActiveCfg = Debug|Any CPU
		{82DDE6F8-C44A-46F9-8309-A6C8668DE6C3}.Debug|Any CPU.Build.0 = Debug|Any CPU
		{82DDE6F8-C44A-46F9-8309-A6C8668DE6C3}.Release|Any CPU.ActiveCfg = Release|Any CPU
		{82DDE6F8-C44A-46F9-8309-A6C8668DE6C3}.Release|Any CPU.Build.0 = Release|Any CPU
	EndGlobalSection
	GlobalSection(SolutionProperties) = preSolution
		HideSolutionNode = FALSE
	EndGlobalSection
	GlobalSection(ExtensibilityGlobals) = postSolution
		SolutionGuid = {F2C4C050-CFF4-47F1-AAEB-2EC22E7D2304}
	EndGlobalSection
EndGlobal
